
Microsoft Visual Studio Solution File, Format Version 11.00
# Visual C++ Express 2010
Project("{8BC9CEB8-8B4A-11D0-8D11-00A0C91BC942}") = "Paradime 3D", "Paradime 3D\Paradime 3D.vcxproj", "{EF7B8D8C-B652-49BE-898D-531D8AAA4FB3}"
EndProject
Global
	GlobalSection(SolutionConfigurationPlatforms) = preSolution
		Debug|Win32 = Debug|Win32
		Release|Win32 = Release|Win32
	EndGlobalSection
	GlobalSection(ProjectConfigurationPlatforms) = postSolution
		{EF7B8D8C-B652-49BE-898D-531D8AAA4FB3}.Debug|Win32.ActiveCfg = Debug|Win32
		{EF7B8D8C-B652-49BE-898D-531D8AAA4FB3}.Debug|Win32.Build.0 = Debug|Win32
		{EF7B8D8C-B652-49BE-898D-531D8AAA4FB3}.Release|Win32.ActiveCfg = Release|Win32
		{EF7B8D8C-B652-49BE-898D-531D8AAA4FB3}.Release|Win32.Build.0 = Release|Win32
	EndGlobalSection
	GlobalSection(SolutionProperties) = preSolution
		HideSolutionNode = FALSE
	EndGlobalSection
EndGlobal
